
Microsoft Visual Studio Solution File, Format Version 12.00
# Visual Studio Version 16
VisualStudioVersion = 16.0.33027.164
MinimumVisualStudioVersion = 10.0.40219.1
Project("{2150E333-8FDC-42A3-9474-1A3956D46DE8}") = "sample", "sample", "{4C321A5F-17A3-4777-8980-C777478107C5}"
EndProject
Project("{FAE04EC0-301F-11D3-BF4B-00C04F79EFBC}") = "ConsoleApp0411", "sample\ConsoleApp0411\ConsoleApp0411.csproj", "{721C311B-E7D6-40D6-8615-9558D20B8397}"
EndProject
Project("{FAE04EC0-301F-11D3-BF4B-00C04F79EFBC}") = "WindowsFormsApp1", "sample\WindowsFormsApp1\WindowsFormsApp1.csproj", "{9D09FB5A-0B22-4F4F-8087-E9FF5F662CB6}"
EndProject
Project("{FAE04EC0-301F-11D3-BF4B-00C04F79EFBC}") = "BallApp", "sample\BallApp\BallApp.csproj", "{E036506E-1CF0-4147-B491-21F819419FFA}"
EndProject
Project("{2150E333-8FDC-42A3-9474-1A3956D46DE8}") = "Chapter01", "Chapter01", "{8FAE2F64-72FF-45AD-B962-AF822FFD0BC1}"
EndProject
Project("{FAE04EC0-301F-11D3-BF4B-00C04F79EFBC}") = "ProductSample", "Chapter01\Product\ProductSample.csproj", "{EB6605A0-40DE-4E84-9DCC-FD1F339E82C8}"
EndProject
Project("{2150E333-8FDC-42A3-9474-1A3956D46DE8}") = "Chapter02", "Chapter02", "{F2497497-EA42-4033-B87A-DCF2B1ABB942}"
EndProject
Project("{2150E333-8FDC-42A3-9474-1A3956D46DE8}") = "距離換算プログラム", "距離換算プログラム", "{D7BA6521-565F-4F49-B638-FA3AAD29F2C4}"
EndProject
Project("{FAE04EC0-301F-11D3-BF4B-00C04F79EFBC}") = "DistanceConverter", "Chapter02\距離換算プログラム\DistanceConverter\DistanceConverter.csproj", "{BA8F0BE6-314F-4148-B175-5BBFCA50CDF7}"
EndProject
Project("{2150E333-8FDC-42A3-9474-1A3956D46DE8}") = "売り上げ集計プログラム", "売り上げ集計プログラム", "{763CB1D9-1018-4ACC-9597-DF9E8C0B2A22}"
EndProject
Project("{FAE04EC0-301F-11D3-BF4B-00C04F79EFBC}") = "salesCalculator", "Chapter02\売り上げ集計プログラム\salesCalculator\salesCalculator.csproj", "{4E2B3C9A-358B-4F65-BD00-F44536F385E3}"
EndProject
Project("{2150E333-8FDC-42A3-9474-1A3956D46DE8}") = "演習問題", "演習問題", "{6F3EBDE3-BBED-4A5A-B899-1BF8507A73E2}"
EndProject
Project("{FAE04EC0-301F-11D3-BF4B-00C04F79EFBC}") = "Exercise01", "Chapter02\演習問題\Exercise01\Exercise01.csproj", "{ADC30852-8457-43A1-B245-BD973522776B}"
EndProject
Project("{FAE04EC0-301F-11D3-BF4B-00C04F79EFBC}") = "Exercise02", "Chapter02\演習問題\Exercise02\Exercise02.csproj", "{76CD5261-F54B-4D3C-B442-BCBAB06B0FC3}"
EndProject
Project("{FAE04EC0-301F-11D3-BF4B-00C04F79EFBC}") = "Exercise03", "Chapter02\演習問題\Exercise03\Exercise03\Exercise03.csproj", "{C36B93BE-B416-44ED-9A3D-67EA938CAF01}"
EndProject
Project("{2150E333-8FDC-42A3-9474-1A3956D46DE8}") = "Chapter03", "Chapter03", "{B3486077-2FA9-4A6F-905D-4A4CA646060C}"
EndProject
Project("{FAE04EC0-301F-11D3-BF4B-00C04F79EFBC}") = "Section01", "Chapter03\Section01\Section01.csproj", "{D419D982-07EB-4E56-A7B9-E6BCCA2FB9F3}"
EndProject
Project("{FAE04EC0-301F-11D3-BF4B-00C04F79EFBC}") = "Section03", "Chapter03\Section03\Section03.csproj", "{B9293227-459C-468C-9C11-8E4FD5259531}"
EndProject
Project("{FAE04EC0-301F-11D3-BF4B-00C04F79EFBC}") = "Section04", "Chapter03\Section04\Section04.csproj", "{D0444DBE-7748-4CAB-AF5F-3DEB16D7BF3B}"
EndProject
Project("{2150E333-8FDC-42A3-9474-1A3956D46DE8}") = "演習問題", "演習問題", "{DAC5DFA6-C4AB-4B1E-9521-A599B2D1CF07}"
EndProject
Project("{FAE04EC0-301F-11D3-BF4B-00C04F79EFBC}") = "Exercise01", "Chapter03\演習問題\Exercise01\Exercise01.csproj", "{9810D129-8910-4338-BF7E-4E1268CCA0E5}"
EndProject
Project("{FAE04EC0-301F-11D3-BF4B-00C04F79EFBC}") = "Exercise02", "Chapter03\演習問題\Exercise02\Exercise02.csproj", "{0526B769-F3B1-4AC9-942B-F7C0BFC77BA8}"
EndProject
Project("{2150E333-8FDC-42A3-9474-1A3956D46DE8}") = "Chapter04", "Chapter04", "{4E1EFC35-2C0E-4BBD-A5FB-8FE1C168A308}"
EndProject
Project("{2150E333-8FDC-42A3-9474-1A3956D46DE8}") = "P115_条件演算子・null合体演算子", "P115_条件演算子・null合体演算子", "{AEB08A25-DC29-469A-9CA7-A9CF86A33E57}"
EndProject
Project("{FAE04EC0-301F-11D3-BF4B-00C04F79EFBC}") = "Section04", "Chapter04\条件演算子・null合体演算子\Section04\Section04.csproj", "{4F622DED-3ECB-4B6A-ADAB-C7DEEB6072F6}"
EndProject
Project("{2150E333-8FDC-42A3-9474-1A3956D46DE8}") = "P126_TryParse", "P126_TryParse", "{8D5B7F76-85BD-4FE2-BEF0-96ECFC93C826}"
EndProject
Project("{FAE04EC0-301F-11D3-BF4B-00C04F79EFBC}") = "Section07", "Chapter04\TryParse\Section07\Section07.csproj", "{0D335CD7-41C0-41F0-8311-8E2B075B3F35}"
EndProject
Project("{2150E333-8FDC-42A3-9474-1A3956D46DE8}") = "演習問題", "演習問題", "{E4A9AF1C-61C2-4663-891E-FB25047488BE}"
EndProject
Project("{FAE04EC0-301F-11D3-BF4B-00C04F79EFBC}") = "Exercise01", "Chapter04\演習問題\Exercise01\Exercise01.csproj", "{1286702C-129D-44CF-8E28-DEF82F96127B}"
EndProject
Project("{FAE04EC0-301F-11D3-BF4B-00C04F79EFBC}") = "Exercise02", "Chapter04\演習問題\Exercise02\Exercise02.csproj", "{AFB3473F-F6F5-4EED-B9E4-0F81FF6A293F}"
EndProject
Global
	GlobalSection(SolutionConfigurationPlatforms) = preSolution
		Debug|Any CPU = Debug|Any CPU
		Release|Any CPU = Release|Any CPU
	EndGlobalSection
	GlobalSection(ProjectConfigurationPlatforms) = postSolution
		{721C311B-E7D6-40D6-8615-9558D20B8397}.Debug|Any CPU.ActiveCfg = Debug|Any CPU
		{721C311B-E7D6-40D6-8615-9558D20B8397}.Debug|Any CPU.Build.0 = Debug|Any CPU
		{721C311B-E7D6-40D6-8615-9558D20B8397}.Release|Any CPU.ActiveCfg = Release|Any CPU
		{721C311B-E7D6-40D6-8615-9558D20B8397}.Release|Any CPU.Build.0 = Release|Any CPU
		{9D09FB5A-0B22-4F4F-8087-E9FF5F662CB6}.Debug|Any CPU.ActiveCfg = Debug|Any CPU
		{9D09FB5A-0B22-4F4F-8087-E9FF5F662CB6}.Debug|Any CPU.Build.0 = Debug|Any CPU
		{9D09FB5A-0B22-4F4F-8087-E9FF5F662CB6}.Release|Any CPU.ActiveCfg = Release|Any CPU
		{9D09FB5A-0B22-4F4F-8087-E9FF5F662CB6}.Release|Any CPU.Build.0 = Release|Any CPU
		{E036506E-1CF0-4147-B491-21F819419FFA}.Debug|Any CPU.ActiveCfg = Debug|Any CPU
		{E036506E-1CF0-4147-B491-21F819419FFA}.Debug|Any CPU.Build.0 = Debug|Any CPU
		{E036506E-1CF0-4147-B491-21F819419FFA}.Release|Any CPU.ActiveCfg = Release|Any CPU
		{E036506E-1CF0-4147-B491-21F819419FFA}.Release|Any CPU.Build.0 = Release|Any CPU
		{EB6605A0-40DE-4E84-9DCC-FD1F339E82C8}.Debug|Any CPU.ActiveCfg = Debug|Any CPU
		{EB6605A0-40DE-4E84-9DCC-FD1F339E82C8}.Debug|Any CPU.Build.0 = Debug|Any CPU
		{EB6605A0-40DE-4E84-9DCC-FD1F339E82C8}.Release|Any CPU.ActiveCfg = Release|Any CPU
		{EB6605A0-40DE-4E84-9DCC-FD1F339E82C8}.Release|Any CPU.Build.0 = Release|Any CPU
		{BA8F0BE6-314F-4148-B175-5BBFCA50CDF7}.Debug|Any CPU.ActiveCfg = Debug|Any CPU
		{BA8F0BE6-314F-4148-B175-5BBFCA50CDF7}.Debug|Any CPU.Build.0 = Debug|Any CPU
		{BA8F0BE6-314F-4148-B175-5BBFCA50CDF7}.Release|Any CPU.ActiveCfg = Release|Any CPU
		{BA8F0BE6-314F-4148-B175-5BBFCA50CDF7}.Release|Any CPU.Build.0 = Release|Any CPU
		{4E2B3C9A-358B-4F65-BD00-F44536F385E3}.Debug|Any CPU.ActiveCfg = Debug|Any CPU
		{4E2B3C9A-358B-4F65-BD00-F44536F385E3}.Debug|Any CPU.Build.0 = Debug|Any CPU
		{4E2B3C9A-358B-4F65-BD00-F44536F385E3}.Release|Any CPU.ActiveCfg = Release|Any CPU
		{4E2B3C9A-358B-4F65-BD00-F44536F385E3}.Release|Any CPU.Build.0 = Release|Any CPU
		{ADC30852-8457-43A1-B245-BD973522776B}.Debug|Any CPU.ActiveCfg = Debug|Any CPU
		{ADC30852-8457-43A1-B245-BD973522776B}.Debug|Any CPU.Build.0 = Debug|Any CPU
		{ADC30852-8457-43A1-B245-BD973522776B}.Release|Any CPU.ActiveCfg = Release|Any CPU
		{ADC30852-8457-43A1-B245-BD973522776B}.Release|Any CPU.Build.0 = Release|Any CPU
		{76CD5261-F54B-4D3C-B442-BCBAB06B0FC3}.Debug|Any CPU.ActiveCfg = Debug|Any CPU
		{76CD5261-F54B-4D3C-B442-BCBAB06B0FC3}.Debug|Any CPU.Build.0 = Debug|Any CPU
		{76CD5261-F54B-4D3C-B442-BCBAB06B0FC3}.Release|Any CPU.ActiveCfg = Release|Any CPU
		{76CD5261-F54B-4D3C-B442-BCBAB06B0FC3}.Release|Any CPU.Build.0 = Release|Any CPU
		{C36B93BE-B416-44ED-9A3D-67EA938CAF01}.Debug|Any CPU.ActiveCfg = Debug|Any CPU
		{C36B93BE-B416-44ED-9A3D-67EA938CAF01}.Debug|Any CPU.Build.0 = Debug|Any CPU
		{C36B93BE-B416-44ED-9A3D-67EA938CAF01}.Release|Any CPU.ActiveCfg = Release|Any CPU
		{C36B93BE-B416-44ED-9A3D-67EA938CAF01}.Release|Any CPU.Build.0 = Release|Any CPU
		{D419D982-07EB-4E56-A7B9-E6BCCA2FB9F3}.Debug|Any CPU.ActiveCfg = Debug|Any CPU
		{D419D982-07EB-4E56-A7B9-E6BCCA2FB9F3}.Debug|Any CPU.Build.0 = Debug|Any CPU
		{D419D982-07EB-4E56-A7B9-E6BCCA2FB9F3}.Release|Any CPU.ActiveCfg = Release|Any CPU
		{D419D982-07EB-4E56-A7B9-E6BCCA2FB9F3}.Release|Any CPU.Build.0 = Release|Any CPU
		{B9293227-459C-468C-9C11-8E4FD5259531}.Debug|Any CPU.ActiveCfg = Debug|Any CPU
		{B9293227-459C-468C-9C11-8E4FD5259531}.Debug|Any CPU.Build.0 = Debug|Any CPU
		{B9293227-459C-468C-9C11-8E4FD5259531}.Release|Any CPU.ActiveCfg = Release|Any CPU
		{B9293227-459C-468C-9C11-8E4FD5259531}.Release|Any CPU.Build.0 = Release|Any CPU
		{D0444DBE-7748-4CAB-AF5F-3DEB16D7BF3B}.Debug|Any CPU.ActiveCfg = Debug|Any CPU
		{D0444DBE-7748-4CAB-AF5F-3DEB16D7BF3B}.Debug|Any CPU.Build.0 = Debug|Any CPU
		{D0444DBE-7748-4CAB-AF5F-3DEB16D7BF3B}.Release|Any CPU.ActiveCfg = Release|Any CPU
		{D0444DBE-7748-4CAB-AF5F-3DEB16D7BF3B}.Release|Any CPU.Build.0 = Release|Any CPU
		{9810D129-8910-4338-BF7E-4E1268CCA0E5}.Debug|Any CPU.ActiveCfg = Debug|Any CPU
		{9810D129-8910-4338-BF7E-4E1268CCA0E5}.Debug|Any CPU.Build.0 = Debug|Any CPU
		{9810D129-8910-4338-BF7E-4E1268CCA0E5}.Release|Any CPU.ActiveCfg = Release|Any CPU
		{9810D129-8910-4338-BF7E-4E1268CCA0E5}.Release|Any CPU.Build.0 = Release|Any CPU
		{0526B769-F3B1-4AC9-942B-F7C0BFC77BA8}.Debug|Any CPU.ActiveCfg = Debug|Any CPU
		{0526B769-F3B1-4AC9-942B-F7C0BFC77BA8}.Debug|Any CPU.Build.0 = Debug|Any CPU
		{0526B769-F3B1-4AC9-942B-F7C0BFC77BA8}.Release|Any CPU.ActiveCfg = Release|Any CPU
		{0526B769-F3B1-4AC9-942B-F7C0BFC77BA8}.Release|Any CPU.Build.0 = Release|Any CPU
		{4F622DED-3ECB-4B6A-ADAB-C7DEEB6072F6}.Debug|Any CPU.ActiveCfg = Debug|Any CPU
		{4F622DED-3ECB-4B6A-ADAB-C7DEEB6072F6}.Debug|Any CPU.Build.0 = Debug|Any CPU
		{4F622DED-3ECB-4B6A-ADAB-C7DEEB6072F6}.Release|Any CPU.ActiveCfg = Release|Any CPU
		{4F622DED-3ECB-4B6A-ADAB-C7DEEB6072F6}.Release|Any CPU.Build.0 = Release|Any CPU
		{0D335CD7-41C0-41F0-8311-8E2B075B3F35}.Debug|Any CPU.ActiveCfg = Debug|Any CPU
		{0D335CD7-41C0-41F0-8311-8E2B075B3F35}.Debug|Any CPU.Build.0 = Debug|Any CPU
		{0D335CD7-41C0-41F0-8311-8E2B075B3F35}.Release|Any CPU.ActiveCfg = Release|Any CPU
		{0D335CD7-41C0-41F0-8311-8E2B075B3F35}.Release|Any CPU.Build.0 = Release|Any CPU
		{1286702C-129D-44CF-8E28-DEF82F96127B}.Debug|Any CPU.ActiveCfg = Debug|Any CPU
		{1286702C-129D-44CF-8E28-DEF82F96127B}.Debug|Any CPU.Build.0 = Debug|Any CPU
		{1286702C-129D-44CF-8E28-DEF82F96127B}.Release|Any CPU.ActiveCfg = Release|Any CPU
		{1286702C-129D-44CF-8E28-DEF82F96127B}.Release|Any CPU.Build.0 = Release|Any CPU
		{AFB3473F-F6F5-4EED-B9E4-0F81FF6A293F}.Debug|Any CPU.ActiveCfg = Debug|Any CPU
		{AFB3473F-F6F5-4EED-B9E4-0F81FF6A293F}.Debug|Any CPU.Build.0 = Debug|Any CPU
		{AFB3473F-F6F5-4EED-B9E4-0F81FF6A293F}.Release|Any CPU.ActiveCfg = Release|Any CPU
		{AFB3473F-F6F5-4EED-B9E4-0F81FF6A293F}.Release|Any CPU.Build.0 = Release|Any CPU
	EndGlobalSection
	GlobalSection(SolutionProperties) = preSolution
		HideSolutionNode = FALSE
	EndGlobalSection
	GlobalSection(NestedProjects) = preSolution
		{721C311B-E7D6-40D6-8615-9558D20B8397} = {4C321A5F-17A3-4777-8980-C777478107C5}
		{9D09FB5A-0B22-4F4F-8087-E9FF5F662CB6} = {4C321A5F-17A3-4777-8980-C777478107C5}
		{E036506E-1CF0-4147-B491-21F819419FFA} = {4C321A5F-17A3-4777-8980-C777478107C5}
		{EB6605A0-40DE-4E84-9DCC-FD1F339E82C8} = {8FAE2F64-72FF-45AD-B962-AF822FFD0BC1}
		{D7BA6521-565F-4F49-B638-FA3AAD29F2C4} = {F2497497-EA42-4033-B87A-DCF2B1ABB942}
		{BA8F0BE6-314F-4148-B175-5BBFCA50CDF7} = {D7BA6521-565F-4F49-B638-FA3AAD29F2C4}
		{763CB1D9-1018-4ACC-9597-DF9E8C0B2A22} = {F2497497-EA42-4033-B87A-DCF2B1ABB942}
		{4E2B3C9A-358B-4F65-BD00-F44536F385E3} = {763CB1D9-1018-4ACC-9597-DF9E8C0B2A22}
		{6F3EBDE3-BBED-4A5A-B899-1BF8507A73E2} = {F2497497-EA42-4033-B87A-DCF2B1ABB942}
		{ADC30852-8457-43A1-B245-BD973522776B} = {6F3EBDE3-BBED-4A5A-B899-1BF8507A73E2}
		{76CD5261-F54B-4D3C-B442-BCBAB06B0FC3} = {6F3EBDE3-BBED-4A5A-B899-1BF8507A73E2}
		{C36B93BE-B416-44ED-9A3D-67EA938CAF01} = {6F3EBDE3-BBED-4A5A-B899-1BF8507A73E2}
		{D419D982-07EB-4E56-A7B9-E6BCCA2FB9F3} = {B3486077-2FA9-4A6F-905D-4A4CA646060C}
		{B9293227-459C-468C-9C11-8E4FD5259531} = {B3486077-2FA9-4A6F-905D-4A4CA646060C}
		{D0444DBE-7748-4CAB-AF5F-3DEB16D7BF3B} = {B3486077-2FA9-4A6F-905D-4A4CA646060C}
		{DAC5DFA6-C4AB-4B1E-9521-A599B2D1CF07} = {B3486077-2FA9-4A6F-905D-4A4CA646060C}
		{9810D129-8910-4338-BF7E-4E1268CCA0E5} = {DAC5DFA6-C4AB-4B1E-9521-A599B2D1CF07}
		{0526B769-F3B1-4AC9-942B-F7C0BFC77BA8} = {DAC5DFA6-C4AB-4B1E-9521-A599B2D1CF07}
		{AEB08A25-DC29-469A-9CA7-A9CF86A33E57} = {4E1EFC35-2C0E-4BBD-A5FB-8FE1C168A308}
		{4F622DED-3ECB-4B6A-ADAB-C7DEEB6072F6} = {AEB08A25-DC29-469A-9CA7-A9CF86A33E57}
		{8D5B7F76-85BD-4FE2-BEF0-96ECFC93C826} = {4E1EFC35-2C0E-4BBD-A5FB-8FE1C168A308}
		{0D335CD7-41C0-41F0-8311-8E2B075B3F35} = {8D5B7F76-85BD-4FE2-BEF0-96ECFC93C826}
		{E4A9AF1C-61C2-4663-891E-FB25047488BE} = {4E1EFC35-2C0E-4BBD-A5FB-8FE1C168A308}
		{1286702C-129D-44CF-8E28-DEF82F96127B} = {E4A9AF1C-61C2-4663-891E-FB25047488BE}
		{AFB3473F-F6F5-4EED-B9E4-0F81FF6A293F} = {E4A9AF1C-61C2-4663-891E-FB25047488BE}
	EndGlobalSection
	GlobalSection(ExtensibilityGlobals) = postSolution
		SolutionGuid = {6E17D46B-BB4F-4B6D-8F85-2A4126B38629}
	EndGlobalSection
EndGlobal
